
Microsoft Visual Studio Solution File, Format Version 12.00
# Visual Studio 2013
VisualStudioVersion = 12.0.40629.0
MinimumVisualStudioVersion = 10.0.40219.1
Project("{2150E333-8FDC-42A3-9474-1A3956D46DE8}") = ".nuget", ".nuget", "{423770CF-1455-44F3-89B5-6F3F06095506}"
	ProjectSection(SolutionItems) = preProject
		.nuget\NuGet.Config = .nuget\NuGet.Config
		.nuget\NuGet.exe = .nuget\NuGet.exe
		.nuget\NuGet.targets = .nuget\NuGet.targets
	EndProjectSection
EndProject
Project("{FAE04EC0-301F-11D3-BF4B-00C04F79EFBC}") = "Mirabeau.uTransporter.UnitTests", "Mirabeau.uTransporter.UnitTests\Mirabeau.uTransporter.UnitTests.csproj", "{6F620310-DECD-45EF-8BBB-30AE8A03852B}"
EndProject
Project("{FAE04EC0-301F-11D3-BF4B-00C04F79EFBC}") = "Mirabeau.uTransporter", "Mirabeau.uTransporter\Mirabeau.uTransporter.csproj", "{9CFFB9B0-5A85-4986-85C8-E96201B2474C}"
EndProject
Project("{FAE04EC0-301F-11D3-BF4B-00C04F79EFBC}") = "Mirabeau.uTransporter.DependencyResolution", "Mirabeau.uTransporter.DependencyResolution\Mirabeau.uTransporter.DependencyResolution.csproj", "{5FE015CC-CF9E-498B-ADC2-4E1AE1F462D8}"
EndProject
Global
	GlobalSection(SolutionConfigurationPlatforms) = preSolution
		Debug|Any CPU = Debug|Any CPU
		Debug|ARM = Debug|ARM
		Debug|x64 = Debug|x64
		Debug|x86 = Debug|x86
		Release|Any CPU = Release|Any CPU
		Release|ARM = Release|ARM
		Release|x64 = Release|x64
		Release|x86 = Release|x86
	EndGlobalSection
	GlobalSection(ProjectConfigurationPlatforms) = postSolution
		{6F620310-DECD-45EF-8BBB-30AE8A03852B}.Debug|Any CPU.ActiveCfg = Debug|Any CPU
		{6F620310-DECD-45EF-8BBB-30AE8A03852B}.Debug|Any CPU.Build.0 = Debug|Any CPU
		{6F620310-DECD-45EF-8BBB-30AE8A03852B}.Debug|ARM.ActiveCfg = Debug|Any CPU
		{6F620310-DECD-45EF-8BBB-30AE8A03852B}.Debug|x64.ActiveCfg = Debug|Any CPU
		{6F620310-DECD-45EF-8BBB-30AE8A03852B}.Debug|x86.ActiveCfg = Debug|Any CPU
		{6F620310-DECD-45EF-8BBB-30AE8A03852B}.Release|Any CPU.ActiveCfg = Release|Any CPU
		{6F620310-DECD-45EF-8BBB-30AE8A03852B}.Release|Any CPU.Build.0 = Release|Any CPU
		{6F620310-DECD-45EF-8BBB-30AE8A03852B}.Release|ARM.ActiveCfg = Release|Any CPU
		{6F620310-DECD-45EF-8BBB-30AE8A03852B}.Release|x64.ActiveCfg = Release|Any CPU
		{6F620310-DECD-45EF-8BBB-30AE8A03852B}.Release|x86.ActiveCfg = Release|Any CPU
		{9CFFB9B0-5A85-4986-85C8-E96201B2474C}.Debug|Any CPU.ActiveCfg = Debug|Any CPU
		{9CFFB9B0-5A85-4986-85C8-E96201B2474C}.Debug|Any CPU.Build.0 = Debug|Any CPU
		{9CFFB9B0-5A85-4986-85C8-E96201B2474C}.Debug|ARM.ActiveCfg = Debug|Any CPU
		{9CFFB9B0-5A85-4986-85C8-E96201B2474C}.Debug|x64.ActiveCfg = Debug|Any CPU
		{9CFFB9B0-5A85-4986-85C8-E96201B2474C}.Debug|x86.ActiveCfg = Debug|Any CPU
		{9CFFB9B0-5A85-4986-85C8-E96201B2474C}.Release|Any CPU.ActiveCfg = Release|Any CPU
		{9CFFB9B0-5A85-4986-85C8-E96201B2474C}.Release|Any CPU.Build.0 = Release|Any CPU
		{9CFFB9B0-5A85-4986-85C8-E96201B2474C}.Release|ARM.ActiveCfg = Release|Any CPU
		{9CFFB9B0-5A85-4986-85C8-E96201B2474C}.Release|x64.ActiveCfg = Release|Any CPU
		{9CFFB9B0-5A85-4986-85C8-E96201B2474C}.Release|x86.ActiveCfg = Release|Any CPU
		{5FE015CC-CF9E-498B-ADC2-4E1AE1F462D8}.Debug|Any CPU.ActiveCfg = Debug|Any CPU
		{5FE015CC-CF9E-498B-ADC2-4E1AE1F462D8}.Debug|Any CPU.Build.0 = Debug|Any CPU
		{5FE015CC-CF9E-498B-ADC2-4E1AE1F462D8}.Debug|ARM.ActiveCfg = Debug|Any CPU
		{5FE015CC-CF9E-498B-ADC2-4E1AE1F462D8}.Debug|x64.ActiveCfg = Debug|Any CPU
		{5FE015CC-CF9E-498B-ADC2-4E1AE1F462D8}.Debug|x86.ActiveCfg = Debug|Any CPU
		{5FE015CC-CF9E-498B-ADC2-4E1AE1F462D8}.Release|Any CPU.ActiveCfg = Release|Any CPU
		{5FE015CC-CF9E-498B-ADC2-4E1AE1F462D8}.Release|Any CPU.Build.0 = Release|Any CPU
		{5FE015CC-CF9E-498B-ADC2-4E1AE1F462D8}.Release|ARM.ActiveCfg = Release|Any CPU
		{5FE015CC-CF9E-498B-ADC2-4E1AE1F462D8}.Release|x64.ActiveCfg = Release|Any CPU
		{5FE015CC-CF9E-498B-ADC2-4E1AE1F462D8}.Release|x86.ActiveCfg = Release|Any CPU
	EndGlobalSection
	GlobalSection(SolutionProperties) = preSolution
		HideSolutionNode = FALSE
	EndGlobalSection
	GlobalSection(NDepend) = preSolution
		Project = ".\SyncTool.ndproj"
	EndGlobalSection
EndGlobal
